
Microsoft Visual Studio Solution File, Format Version 12.00
# Visual Studio 2013
VisualStudioVersion = 12.0.30501.0
MinimumVisualStudioVersion = 10.0.40219.1
Project("{FAE04EC0-301F-11D3-BF4B-00C04F79EFBC}") = "GrafGenerator.BuildNotificationTools", "GrafGenerator.BuildNotificationTools\GrafGenerator.BuildNotificationTools.csproj", "{62E78B6A-89CA-4E8C-B22A-4BA60A7C0C22}"
EndProject
Project("{FAE04EC0-301F-11D3-BF4B-00C04F79EFBC}") = "GrafGenerator.BuildNotificationTools.Interop", "GrafGenerator.BuildNotificationTools.Interop\GrafGenerator.BuildNotificationTools.Interop.csproj", "{9084E5A2-7517-4A22-826C-4F93FD576121}"
EndProject
Project("{2150E333-8FDC-42A3-9474-1A3956D46DE8}") = "build", "build", "{6EEA52D2-368C-4604-AE2C-0FFD5FB22AAF}"
	ProjectSection(SolutionItems) = preProject
		..\build\build-and-deploy.ps1 = ..\build\build-and-deploy.ps1
		..\build\Invoke-MsBuild.psm1 = ..\build\Invoke-MsBuild.psm1
	EndProjectSection
EndProject
Project("{2150E333-8FDC-42A3-9474-1A3956D46DE8}") = "sample", "sample", "{A51890F3-3531-4C09-8166-AE790BEDD102}"
	ProjectSection(SolutionItems) = preProject
		..\sample\simple.ps1 = ..\sample\simple.ps1
	EndProjectSection
EndProject
Global
	GlobalSection(SolutionConfigurationPlatforms) = preSolution
		Debug|Any CPU = Debug|Any CPU
		Release|Any CPU = Release|Any CPU
	EndGlobalSection
	GlobalSection(ProjectConfigurationPlatforms) = postSolution
		{62E78B6A-89CA-4E8C-B22A-4BA60A7C0C22}.Debug|Any CPU.ActiveCfg = Debug|Any CPU
		{62E78B6A-89CA-4E8C-B22A-4BA60A7C0C22}.Debug|Any CPU.Build.0 = Debug|Any CPU
		{62E78B6A-89CA-4E8C-B22A-4BA60A7C0C22}.Release|Any CPU.ActiveCfg = Release|Any CPU
		{62E78B6A-89CA-4E8C-B22A-4BA60A7C0C22}.Release|Any CPU.Build.0 = Release|Any CPU
		{9084E5A2-7517-4A22-826C-4F93FD576121}.Debug|Any CPU.ActiveCfg = Debug|Any CPU
		{9084E5A2-7517-4A22-826C-4F93FD576121}.Debug|Any CPU.Build.0 = Debug|Any CPU
		{9084E5A2-7517-4A22-826C-4F93FD576121}.Release|Any CPU.ActiveCfg = Release|Any CPU
		{9084E5A2-7517-4A22-826C-4F93FD576121}.Release|Any CPU.Build.0 = Release|Any CPU
	EndGlobalSection
	GlobalSection(SolutionProperties) = preSolution
		HideSolutionNode = FALSE
	EndGlobalSection
EndGlobal
